{
    "_readme": [
        "This file locks the dependencies of your project to a known state",
        "Read more about it at http://getcomposer.org/doc/01-basic-usage.md#composer-lock-the-lock-file"
    ],
    "hash": "45a5969d211c22a2896293c056812f4d",
    "packages": [
        {
            "name": "phpixie/auth",
            "version": "dev-master",
            "source": {
                "type": "git",
                "url": "https://github.com/dracony/PHPixie-Auth.git",
                "reference": "b77133da74f3d4b11d586a73584839ccd7c40714"
            },
            "dist": {
                "type": "zip",
                "url": "https://api.github.com/repos/dracony/PHPixie-Auth/zipball/b77133da74f3d4b11d586a73584839ccd7c40714",
                "reference": "b77133da74f3d4b11d586a73584839ccd7c40714",
                "shasum": ""
            },
            "require": {
                "phpixie/orm": "2.*@dev"
            },
            "type": "library",
            "extra": {
                "branch-alias": {
                    "dev-master": "2.x-dev"
                }
            },
            "autoload": {
                "psr-0": {
                    "PHPixie": "classes/"
                }
            },
            "notification-url": "https://packagist.org/downloads/",
            "license": [
                "BSD"
            ],
            "authors": [
                {
                    "name": "Roman Tsiupa",
                    "email": "draconyster@gmail.com",
                    "homepage": "http://dracony.org"
                }
            ],
            "description": "PHPixie Auth library",
            "homepage": "http://phpixie.com",
            "keywords": [
                "Authentication",
                "authorization",
                "facebook"
            ],
            "time": "2013-04-27 09:35:02"
        },
        {
            "name": "phpixie/core",
            "version": "dev-master",
            "source": {
                "type": "git",
                "url": "https://github.com/dracony/PHPixie-Core.git",
                "reference": "9af1205a357e5c656cac1f426c3d785fe157b538"
            },
            "dist": {
                "type": "zip",
                "url": "https://api.github.com/repos/dracony/PHPixie-Core/zipball/9af1205a357e5c656cac1f426c3d785fe157b538",
                "reference": "9af1205a357e5c656cac1f426c3d785fe157b538",
                "shasum": ""
            },
            "require": {
                "php": ">=5.3.0"
            },
            "type": "library",
            "extra": {
                "branch-alias": {
                    "dev-master": "2.*-dev"
                }
            },
            "autoload": {
                "psr-0": {
                    "PHPixie": "classes/"
                }
            },
            "notification-url": "https://packagist.org/downloads/",
            "license": [
                "BSD"
            ],
            "authors": [
                {
                    "name": "Roman Tsiupa",
                    "email": "draconyster@gmail.com",
                    "homepage": "http://dracony.org"
                }
            ],
            "description": "PHPixie Framework",
            "homepage": "http://phpixie.com",
            "keywords": [
                "framework"
            ],
            "time": "2013-04-27 09:45:22"
        },
        {
            "name": "phpixie/db",
            "version": "dev-master",
            "source": {
                "type": "git",
                "url": "https://github.com/dracony/PHPixie-DB.git",
                "reference": "928811fca9c3e9f1f493c3c83c3e3c339fe9451c"
            },
            "dist": {
                "type": "zip",
                "url": "https://api.github.com/repos/dracony/PHPixie-DB/zipball/928811fca9c3e9f1f493c3c83c3e3c339fe9451c",
                "reference": "928811fca9c3e9f1f493c3c83c3e3c339fe9451c",
                "shasum": ""
            },
            "require": {
                "phpixie/core": "2.*@dev"
            },
            "type": "library",
            "extra": {
                "branch-alias": {
                    "dev-master": "2.x-dev"
                }
            },
            "autoload": {
                "psr-0": {
                    "PHPixie": "classes/"
                }
            },
            "notification-url": "https://packagist.org/downloads/",
            "license": [
                "BSD"
            ],
            "authors": [
                {
                    "name": "Roman Tsiupa",
                    "email": "draconyster@gmail.com",
                    "homepage": "http://dracony.org"
                }
            ],
            "description": "PHPixie Database library",
            "homepage": "http://phpixie.com",
            "keywords": [
                "database",
                "mysql",
                "postgresql",
                "sqlite"
            ],
            "time": "2013-04-23 20:27:47"
        },
        {
            "name": "phpixie/migrate",
            "version": "dev-master",
            "source": {
                "type": "git",
                "url": "https://github.com/dracony/PHPixie-Migrate.git",
                "reference": "f612d6031ab3bc34fe2c0bfdd4bf68b1d06577cb"
            },
            "dist": {
                "type": "zip",
                "url": "https://api.github.com/repos/dracony/PHPixie-Migrate/zipball/f612d6031ab3bc34fe2c0bfdd4bf68b1d06577cb",
                "reference": "f612d6031ab3bc34fe2c0bfdd4bf68b1d06577cb",
                "shasum": ""
            },
            "require": {
                "phpixie/db": "2.*@dev"
            },
            "type": "library",
            "extra": {
                "branch-alias": {
                    "dev-master": "2.x-dev"
                }
            },
            "autoload": {
                "psr-0": {
                    "PHPixie": "classes/"
                }
            },
            "notification-url": "https://packagist.org/downloads/",
            "license": [
                "BSD"
            ],
            "authors": [
                {
                    "name": "Roman Tsiupa",
                    "email": "draconyster@gmail.com",
                    "homepage": "http://dracony.org"
                }
            ],
            "description": "Migration library for PHPixie",
            "homepage": "http://phpixie.com",
            "keywords": [
                "validate"
            ],
            "time": "2013-04-30 11:59:09"
        },
        {
            "name": "phpixie/orm",
            "version": "dev-master",
            "source": {
                "type": "git",
                "url": "https://github.com/dracony/PHPixie-ORM.git",
                "reference": "39c47f13e74c8d390b2e9880f5b893f65acdffc9"
            },
            "dist": {
                "type": "zip",
                "url": "https://api.github.com/repos/dracony/PHPixie-ORM/zipball/39c47f13e74c8d390b2e9880f5b893f65acdffc9",
                "reference": "39c47f13e74c8d390b2e9880f5b893f65acdffc9",
                "shasum": ""
            },
            "require": {
                "phpixie/db": "2.*@dev"
            },
            "type": "library",
            "extra": {
                "branch-alias": {
                    "dev-master": "2.x-dev"
                }
            },
            "autoload": {
                "psr-0": {
                    "PHPixie": "classes/"
                }
            },
            "notification-url": "https://packagist.org/downloads/",
            "license": [
                "BSD"
            ],
            "authors": [
                {
                    "name": "Roman Tsiupa",
                    "email": "draconyster@gmail.com",
                    "homepage": "http://dracony.org"
                }
            ],
            "description": "ORM library for PHPixie",
            "homepage": "http://phpixie.com",
            "keywords": [
                "database",
                "orm"
            ],
            "time": "2013-04-23 20:26:48"
        }
    ],
    "packages-dev": [

    ],
    "aliases": [

    ],
    "minimum-stability": "stable",
    "stability-flags": {
        "phpixie/core": 20,
        "phpixie/db": 20,
        "phpixie/orm": 20,
        "phpixie/auth": 20,
        "phpixie/migrate": 20
    },
    "platform": [

    ],
    "platform-dev": [

    ]
}
